
Microsoft Visual Studio Solution File, Format Version 12.00
# Visual Studio Version 17
VisualStudioVersion = 17.1.32407.343
MinimumVisualStudioVersion = 10.0.40219.1
Project("{FAE04EC0-301F-11D3-BF4B-00C04F79EFBC}") = "dll_py", "dll_py.csproj", "{58906D1E-5090-4936-9C86-CE60B94A418E}"
EndProject
Global
	GlobalSection(SolutionConfigurationPlatforms) = preSolution
		Debug|Any CPU = Debug|Any CPU
		Release|Any CPU = Release|Any CPU
	EndGlobalSection
	GlobalSection(ProjectConfigurationPlatforms) = postSolution
		{58906D1E-5090-4936-9C86-CE60B94A418E}.Debug|Any CPU.ActiveCfg = Debug|Any CPU
		{58906D1E-5090-4936-9C86-CE60B94A418E}.Debug|Any CPU.Build.0 = Debug|Any CPU
		{58906D1E-5090-4936-9C86-CE60B94A418E}.Release|Any CPU.ActiveCfg = Release|Any CPU
		{58906D1E-5090-4936-9C86-CE60B94A418E}.Release|Any CPU.Build.0 = Release|Any CPU
	EndGlobalSection
	GlobalSection(SolutionProperties) = preSolution
		HideSolutionNode = FALSE
	EndGlobalSection
	GlobalSection(ExtensibilityGlobals) = postSolution
		SolutionGuid = {A63A29A4-395A-4E44-BDB1-717D4F5585C4}
	EndGlobalSection
EndGlobal
